
Microsoft Visual Studio Solution File, Format Version 12.00
# Visual Studio Version 16
VisualStudioVersion = 16.0.31605.320
MinimumVisualStudioVersion = 10.0.40219.1
Project("{9A19103F-16F7-4668-BE54-9A1E7A4F7556}") = "FSMKivaService", "FSMKivaService\FSMKivaService.csproj", "{2617D618-AA9B-4C4A-80B3-A12F35ED52AD}"
EndProject
Global
	GlobalSection(SolutionConfigurationPlatforms) = preSolution
		Debug|Any CPU = Debug|Any CPU
		Release|Any CPU = Release|Any CPU
	EndGlobalSection
	GlobalSection(ProjectConfigurationPlatforms) = postSolution
		{2617D618-AA9B-4C4A-80B3-A12F35ED52AD}.Debug|Any CPU.ActiveCfg = Debug|Any CPU
		{2617D618-AA9B-4C4A-80B3-A12F35ED52AD}.Debug|Any CPU.Build.0 = Debug|Any CPU
		{2617D618-AA9B-4C4A-80B3-A12F35ED52AD}.Release|Any CPU.ActiveCfg = Release|Any CPU
		{2617D618-AA9B-4C4A-80B3-A12F35ED52AD}.Release|Any CPU.Build.0 = Release|Any CPU
	EndGlobalSection
	GlobalSection(SolutionProperties) = preSolution
		HideSolutionNode = FALSE
	EndGlobalSection
	GlobalSection(ExtensibilityGlobals) = postSolution
		SolutionGuid = {6C5025E3-3A16-4350-B7F3-711CD149F76C}
	EndGlobalSection
EndGlobal
